
Microsoft Visual Studio Solution File, Format Version 12.00
# Visual Studio 15
VisualStudioVersion = 15.0.27130.2027
MinimumVisualStudioVersion = 10.0.40219.1
Project("{FAE04EC0-301F-11D3-BF4B-00C04F79EFBC}") = "testwin02", "testwin02\testwin02.csproj", "{F66E409E-AFBD-48D0-989A-3F476DE942C6}"
EndProject
Global
	GlobalSection(SolutionConfigurationPlatforms) = preSolution
		Debug|Any CPU = Debug|Any CPU
		Release|Any CPU = Release|Any CPU
	EndGlobalSection
	GlobalSection(ProjectConfigurationPlatforms) = postSolution
		{F66E409E-AFBD-48D0-989A-3F476DE942C6}.Debug|Any CPU.ActiveCfg = Debug|Any CPU
		{F66E409E-AFBD-48D0-989A-3F476DE942C6}.Debug|Any CPU.Build.0 = Debug|Any CPU
		{F66E409E-AFBD-48D0-989A-3F476DE942C6}.Release|Any CPU.ActiveCfg = Release|Any CPU
		{F66E409E-AFBD-48D0-989A-3F476DE942C6}.Release|Any CPU.Build.0 = Release|Any CPU
	EndGlobalSection
	GlobalSection(SolutionProperties) = preSolution
		HideSolutionNode = FALSE
	EndGlobalSection
	GlobalSection(ExtensibilityGlobals) = postSolution
		SolutionGuid = {A95199F8-4846-441C-B814-6AEF435BD845}
	EndGlobalSection
EndGlobal
